
Microsoft Visual Studio Solution File, Format Version 12.00
# Visual Studio 15
VisualStudioVersion = 15.0.28307.329
MinimumVisualStudioVersion = 10.0.40219.1
Project("{FAE04EC0-301F-11D3-BF4B-00C04F79EFBC}") = "aspnet", "aspnet\aspnet.csproj", "{48263748-D3D9-4108-A4D0-379B1EA21049}"
EndProject
Global
	GlobalSection(SolutionConfigurationPlatforms) = preSolution
		Debug|Any CPU = Debug|Any CPU
		Release|Any CPU = Release|Any CPU
	EndGlobalSection
	GlobalSection(ProjectConfigurationPlatforms) = postSolution
		{48263748-D3D9-4108-A4D0-379B1EA21049}.Debug|Any CPU.ActiveCfg = Debug|Any CPU
		{48263748-D3D9-4108-A4D0-379B1EA21049}.Debug|Any CPU.Build.0 = Debug|Any CPU
		{48263748-D3D9-4108-A4D0-379B1EA21049}.Release|Any CPU.ActiveCfg = Release|Any CPU
		{48263748-D3D9-4108-A4D0-379B1EA21049}.Release|Any CPU.Build.0 = Release|Any CPU
	EndGlobalSection
	GlobalSection(SolutionProperties) = preSolution
		HideSolutionNode = FALSE
	EndGlobalSection
	GlobalSection(ExtensibilityGlobals) = postSolution
		SolutionGuid = {DAADF2AC-7D48-49FB-9561-FF93A57A8625}
	EndGlobalSection
EndGlobal
